
Microsoft Visual Studio Solution File, Format Version 12.00
# Visual Studio Version 17
VisualStudioVersion = 17.3.32825.248
MinimumVisualStudioVersion = 10.0.40219.1
Project("{FAE04EC0-301F-11D3-BF4B-00C04F79EFBC}") = "PrestamosWPF", "PrestamosWPF.csproj", "{148021E2-A131-46FF-AEED-4F6859861CAA}"
EndProject
Global
	GlobalSection(SolutionConfigurationPlatforms) = preSolution
		Debug|Any CPU = Debug|Any CPU
		Release|Any CPU = Release|Any CPU
	EndGlobalSection
	GlobalSection(ProjectConfigurationPlatforms) = postSolution
		{148021E2-A131-46FF-AEED-4F6859861CAA}.Debug|Any CPU.ActiveCfg = Debug|Any CPU
		{148021E2-A131-46FF-AEED-4F6859861CAA}.Debug|Any CPU.Build.0 = Debug|Any CPU
		{148021E2-A131-46FF-AEED-4F6859861CAA}.Release|Any CPU.ActiveCfg = Release|Any CPU
		{148021E2-A131-46FF-AEED-4F6859861CAA}.Release|Any CPU.Build.0 = Release|Any CPU
	EndGlobalSection
	GlobalSection(SolutionProperties) = preSolution
		HideSolutionNode = FALSE
	EndGlobalSection
	GlobalSection(ExtensibilityGlobals) = postSolution
		SolutionGuid = {E0E26BE4-0DFE-4F4D-9A7A-C99F65A4BD8B}
	EndGlobalSection
EndGlobal
